// !$*UTF8*$!
{
	archiveVersion = 1;
	classes = {
	};
	objectVersion = 50;
	objects = {

/* Begin PBXBuildFile section */
		B2FE65AC2811AA970019E742 /* AppDelegate.swift in Sources */ = {isa = PBXBuildFile; fileRef = B2FE65AB2811AA970019E742 /* AppDelegate.swift */; };
		B2FE65AE2811AA970019E742 /* ViewController.swift in Sources */ = {isa = PBXBuildFile; fileRef = B2FE65AD2811AA970019E742 /* ViewController.swift */; };
		B2FE65B12811AA970019E742 /* Main.storyboard in Resources */ = {isa = PBXBuildFile; fileRef = B2FE65AF2811AA970019E742 /* Main.storyboard */; };
		B2FE65B32811AA980019E742 /* Assets.xcassets in Resources */ = {isa = PBXBuildFile; fileRef = B2FE65B22811AA980019E742 /* Assets.xcassets */; };
		B2FE65B62811AA980019E742 /* LaunchScreen.storyboard in Resources */ = {isa = PBXBuildFile; fileRef = B2FE65B42811AA980019E742 /* LaunchScreen.storyboard */; };
		B2FE65C52811AC2F0019E742 /* Winter.jpg in Resources */ = {isa = PBXBuildFile; fileRef = B2FE65BD2811AC2E0019E742 /* Winter.jpg */; };
		B2FE65C62811AC2F0019E742 /* 197-card-diamonds.png in Resources */ = {isa = PBXBuildFile; fileRef = B2FE65BE2811AC2E0019E742 /* 197-card-diamonds.png */; };
		B2FE65C72811AC2F0019E742 /* 200-card-clubs.png in Resources */ = {isa = PBXBuildFile; fileRef = B2FE65BF2811AC2F0019E742 /* 200-card-clubs.png */; };
		B2FE65C82811AC2F0019E742 /* Spring.jpg in Resources */ = {isa = PBXBuildFile; fileRef = B2FE65C02811AC2F0019E742 /* Spring.jpg */; };
		B2FE65C92811AC2F0019E742 /* Summer.jpg in Resources */ = {isa = PBXBuildFile; fileRef = B2FE65C12811AC2F0019E742 /* Summer.jpg */; };
		B2FE65CA2811AC2F0019E742 /* Fall.jpg in Resources */ = {isa = PBXBuildFile; fileRef = B2FE65C22811AC2F0019E742 /* Fall.jpg */; };
		B2FE65CB2811AC2F0019E742 /* 198-card-spades.png in Resources */ = {isa = PBXBuildFile; fileRef = B2FE65C32811AC2F0019E742 /* 198-card-spades.png */; };
		B2FE65CC2811AC2F0019E742 /* 199-card-hearts.png in Resources */ = {isa = PBXBuildFile; fileRef = B2FE65C42811AC2F0019E742 /* 199-card-hearts.png */; };
/* End PBXBuildFile section */

/* Begin PBXFileReference section */
		B2FE65A82811AA970019E742 /* Ex01-Tab-Seasons.app */ = {isa = PBXFileReference; explicitFileType = wrapper.application; includeInIndex = 0; path = "Ex01-Tab-Seasons.app"; sourceTree = BUILT_PRODUCTS_DIR; };
		B2FE65AB2811AA970019E742 /* AppDelegate.swift */ = {isa = PBXFileReference; lastKnownFileType = sourcecode.swift; path = AppDelegate.swift; sourceTree = "<group>"; };
		B2FE65AD2811AA970019E742 /* ViewController.swift */ = {isa = PBXFileReference; lastKnownFileType = sourcecode.swift; path = ViewController.swift; sourceTree = "<group>"; };
		B2FE65B02811AA970019E742 /* Base */ = {isa = PBXFileReference; lastKnownFileType = file.storyboard; name = Base; path = Base.lproj/Main.storyboard; sourceTree = "<group>"; };
		B2FE65B22811AA980019E742 /* Assets.xcassets */ = {isa = PBXFileReference; lastKnownFileType = folder.assetcatalog; path = Assets.xcassets; sourceTree = "<group>"; };
		B2FE65B52811AA980019E742 /* Base */ = {isa = PBXFileReference; lastKnownFileType = file.storyboard; name = Base; path = Base.lproj/LaunchScreen.storyboard; sourceTree = "<group>"; };
		B2FE65B72811AA980019E742 /* Info.plist */ = {isa = PBXFileReference; lastKnownFileType = text.plist.xml; path = Info.plist; sourceTree = "<group>"; };
		B2FE65BD2811AC2E0019E742 /* Winter.jpg */ = {isa = PBXFileReference; lastKnownFileType = image.jpeg; path = Winter.jpg; sourceTree = "<group>"; };
		B2FE65BE2811AC2E0019E742 /* 197-card-diamonds.png */ = {isa = PBXFileReference; lastKnownFileType = image.png; path = "197-card-diamonds.png"; sourceTree = "<group>"; };
		B2FE65BF2811AC2F0019E742 /* 200-card-clubs.png */ = {isa = PBXFileReference; lastKnownFileType = image.png; path = "200-card-clubs.png"; sourceTree = "<group>"; };
		B2FE65C02811AC2F0019E742 /* Spring.jpg */ = {isa = PBXFileReference; lastKnownFileType = image.jpeg; path = Spring.jpg; sourceTree = "<group>"; };
		B2FE65C12811AC2F0019E742 /* Summer.jpg */ = {isa = PBXFileReference; lastKnownFileType = image.jpeg; path = Summer.jpg; sourceTree = "<group>"; };
		B2FE65C22811AC2F0019E742 /* Fall.jpg */ = {isa = PBXFileReference; lastKnownFileType = image.jpeg; path = Fall.jpg; sourceTree = "<group>"; };
		B2FE65C32811AC2F0019E742 /* 198-card-spades.png */ = {isa = PBXFileReference; lastKnownFileType = image.png; path = "198-card-spades.png"; sourceTree = "<group>"; };
		B2FE65C42811AC2F0019E742 /* 199-card-hearts.png */ = {isa = PBXFileReference; lastKnownFileType = image.png; path = "199-card-hearts.png"; sourceTree = "<group>"; };
/* End PBXFileReference section */

/* Begin PBXFrameworksBuildPhase section */
		B2FE65A52811AA970019E742 /* Frameworks */ = {
			isa = PBXFrameworksBuildPhase;
			buildActionMask = 2147483647;
			files = (
			);
			runOnlyForDeploymentPostprocessing = 0;
		};
/* End PBXFrameworksBuildPhase section */

/* Begin PBXGroup section */
		B2FE659F2811AA970019E742 = {
			isa = PBXGroup;
			children = (
				B2FE65AA2811AA970019E742 /* Ex01-Tab-Seasons */,
				B2FE65A92811AA970019E742 /* Products */,
			);
			sourceTree = "<group>";
		};
		B2FE65A92811AA970019E742 /* Products */ = {
			isa = PBXGroup;
			children = (
				B2FE65A82811AA970019E742 /* Ex01-Tab-Seasons.app */,
			);
			name = Products;
			sourceTree = "<group>";
		};
		B2FE65AA2811AA970019E742 /* Ex01-Tab-Seasons */ = {
			isa = PBXGroup;
			children = (
				B2FE65BE2811AC2E0019E742 /* 197-card-diamonds.png */,
				B2FE65C32811AC2F0019E742 /* 198-card-spades.png */,
				B2FE65C42811AC2F0019E742 /* 199-card-hearts.png */,
				B2FE65BF2811AC2F0019E742 /* 200-card-clubs.png */,
				B2FE65C22811AC2F0019E742 /* Fall.jpg */,
				B2FE65C02811AC2F0019E742 /* Spring.jpg */,
				B2FE65C12811AC2F0019E742 /* Summer.jpg */,
				B2FE65BD2811AC2E0019E742 /* Winter.jpg */,
				B2FE65AB2811AA970019E742 /* AppDelegate.swift */,
				B2FE65AD2811AA970019E742 /* ViewController.swift */,
				B2FE65AF2811AA970019E742 /* Main.storyboard */,
				B2FE65B22811AA980019E742 /* Assets.xcassets */,
				B2FE65B42811AA980019E742 /* LaunchScreen.storyboard */,
				B2FE65B72811AA980019E742 /* Info.plist */,
			);
			path = "Ex01-Tab-Seasons";
			sourceTree = "<group>";
		};
/* End PBXGroup section */

/* Begin PBXNativeTarget section */
		B2FE65A72811AA970019E742 /* Ex01-Tab-Seasons */ = {
			isa = PBXNativeTarget;
			buildConfigurationList = B2FE65BA2811AA980019E742 /* Build configuration list for PBXNativeTarget "Ex01-Tab-Seasons" */;
			buildPhases = (
				B2FE65A42811AA970019E742 /* Sources */,
				B2FE65A52811AA970019E742 /* Frameworks */,
				B2FE65A62811AA970019E742 /* Resources */,
			);
			buildRules = (
			);
			dependencies = (
			);
			name = "Ex01-Tab-Seasons";
			productName = "Ex01-Tab-Seasons";
			productReference = B2FE65A82811AA970019E742 /* Ex01-Tab-Seasons.app */;
			productType = "com.apple.product-type.application";
		};
/* End PBXNativeTarget section */

/* Begin PBXProject section */
		B2FE65A02811AA970019E742 /* Project object */ = {
			isa = PBXProject;
			attributes = {
				LastSwiftUpdateCheck = 1010;
				LastUpgradeCheck = 1010;
				ORGANIZATIONNAME = admin1;
				TargetAttributes = {
					B2FE65A72811AA970019E742 = {
						CreatedOnToolsVersion = 10.1;
					};
				};
			};
			buildConfigurationList = B2FE65A32811AA970019E742 /* Build configuration list for PBXProject "Ex01-Tab-Seasons" */;
			compatibilityVersion = "Xcode 9.3";
			developmentRegion = en;
			hasScannedForEncodings = 0;
			knownRegions = (
				en,
				Base,
			);
			mainGroup = B2FE659F2811AA970019E742;
			productRefGroup = B2FE65A92811AA970019E742 /* Products */;
			projectDirPath = "";
			projectRoot = "";
			targets = (
				B2FE65A72811AA970019E742 /* Ex01-Tab-Seasons */,
			);
		};
/* End PBXProject section */

/* Begin PBXResourcesBuildPhase section */
		B2FE65A62811AA970019E742 /* Resources */ = {
			isa = PBXResourcesBuildPhase;
			buildActionMask = 2147483647;
			files = (
				B2FE65C72811AC2F0019E742 /* 200-card-clubs.png in Resources */,
				B2FE65B62811AA980019E742 /* LaunchScreen.storyboard in Resources */,
				B2FE65CA2811AC2F0019E742 /* Fall.jpg in Resources */,
				B2FE65C92811AC2F0019E742 /* Summer.jpg in Resources */,
				B2FE65B32811AA980019E742 /* Assets.xcassets in Resources */,
				B2FE65CC2811AC2F0019E742 /* 199-card-hearts.png in Resources */,
				B2FE65C52811AC2F0019E742 /* Winter.jpg in Resources */,
				B2FE65C62811AC2F0019E742 /* 197-card-diamonds.png in Resources */,
				B2FE65B12811AA970019E742 /* Main.storyboard in Resources */,
				B2FE65CB2811AC2F0019E742 /* 198-card-spades.png in Resources */,
				B2FE65C82811AC2F0019E742 /* Spring.jpg in Resources */,
			);
			runOnlyForDeploymentPostprocessing = 0;
		};
/* End PBXResourcesBuildPhase section */

/* Begin PBXSourcesBuildPhase section */
		B2FE65A42811AA970019E742 /* Sources */ = {
			isa = PBXSourcesBuildPhase;
			buildActionMask = 2147483647;
			files = (
				B2FE65AE2811AA970019E742 /* ViewController.swift in Sources */,
				B2FE65AC2811AA970019E742 /* AppDelegate.swift in Sources */,
			);
			runOnlyForDeploymentPostprocessing = 0;
		};
/* End PBXSourcesBuildPhase section */

/* Begin PBXVariantGroup section */
		B2FE65AF2811AA970019E742 /* Main.storyboard */ = {
			isa = PBXVariantGroup;
			children = (
				B2FE65B02811AA970019E742 /* Base */,
			);
			name = Main.storyboard;
			sourceTree = "<group>";
		};
		B2FE65B42811AA980019E742 /* LaunchScreen.storyboard */ = {
			isa = PBXVariantGroup;
			children = (
				B2FE65B52811AA980019E742 /* Base */,
			);
			name = LaunchScreen.storyboard;
			sourceTree = "<group>";
		};
/* End PBXVariantGroup section */

/* Begin XCBuildConfiguration section */
		B2FE65B82811AA980019E742 /* Debug */ = {
			isa = XCBuildConfiguration;
			buildSettings = {
				ALWAYS_SEARCH_USER_PATHS = NO;
				CLANG_ANALYZER_NONNULL = YES;
				CLANG_ANALYZER_NUMBER_OBJECT_CONVERSION = YES_AGGRESSIVE;
				CLANG_CXX_LANGUAGE_STANDARD = "gnu++14";
				CLANG_CXX_LIBRARY = "libc++";
				CLANG_ENABLE_MODULES = YES;
				CLANG_ENABLE_OBJC_ARC = YES;
				CLANG_ENABLE_OBJC_WEAK = YES;
				CLANG_WARN_BLOCK_CAPTURE_AUTORELEASING = YES;
				CLANG_WARN_BOOL_CONVERSION = YES;
				CLANG_WARN_COMMA = YES;
				CLANG_WARN_CONSTANT_CONVERSION = YES;
				CLANG_WARN_DEPRECATED_OBJC_IMPLEMENTATIONS = YES;
				CLANG_WARN_DIRECT_OBJC_ISA_USAGE = YES_ERROR;
				CLANG_WARN_DOCUMENTATION_COMMENTS = YES;
				CLANG_WARN_EMPTY_BODY = YES;
				CLANG_WARN_ENUM_CONVERSION = YES;
				CLANG_WARN_INFINITE_RECURSION = YES;
				CLANG_WARN_INT_CONVERSION = YES;
				CLANG_WARN_NON_LITERAL_NULL_CONVERSION = YES;
				CLANG_WARN_OBJC_IMPLICIT_RETAIN_SELF = YES;
				CLANG_WARN_OBJC_LITERAL_CONVERSION = YES;
				CLANG_WARN_OBJC_ROOT_CLASS = YES_ERROR;
				CLANG_WARN_RANGE_LOOP_ANALYSIS = YES;
				CLANG_WARN_STRICT_PROTOTYPES = YES;
				CLANG_WARN_SUSPICIOUS_MOVE = YES;
				CLANG_WARN_UNGUARDED_AVAILABILITY = YES_AGGRESSIVE;
				CLANG_WARN_UNREACHABLE_CODE = YES;
				CLANG_WARN__DUPLICATE_METHOD_MATCH = YES;
				CODE_SIGN_IDENTITY = "iPhone Developer";
				COPY_PHASE_STRIP = NO;
				DEBUG_INFORMATION_FORMAT = dwarf;
				ENABLE_STRICT_OBJC_MSGSEND = YES;
				ENABLE_TESTABILITY = YES;
				GCC_C_LANGUAGE_STANDARD = gnu11;
				GCC_DYNAMIC_NO_PIC = NO;
				GCC_NO_COMMON_BLOCKS = YES;
				GCC_OPTIMIZATION_LEVEL = 0;
				GCC_PREPROCESSOR_DEFINITIONS = (
					"DEBUG=1",
					"$(inherited)",
				);
				GCC_WARN_64_TO_32_BIT_CONVERSION = YES;
				GCC_WARN_ABOUT_RETURN_TYPE = YES_ERROR;
				GCC_WARN_UNDECLARED_SELECTOR = YES;
				GCC_WARN_UNINITIALIZED_AUTOS = YES_AGGRESSIVE;
				GCC_WARN_UNUSED_FUNCTION = YES;
				GCC_WARN_UNUSED_VARIABLE = YES;
				IPHONEOS_DEPLOYMENT_TARGET = 12.1;
				MTL_ENABLE_DEBUG_INFO = INCLUDE_SOURCE;
				MTL_FAST_MATH = YES;
				ONLY_ACTIVE_ARCH = YES;
				SDKROOT = iphoneos;
				SWIFT_ACTIVE_COMPILATION_CONDITIONS = DEBUG;
				SWIFT_OPTIMIZATION_LEVEL = "-Onone";
			};
			name = Debug;
		};
		B2FE65B92811AA980019E742 /* Release */ = {
			isa = XCBuildConfiguration;
			buildSettings = {
				ALWAYS_SEARCH_USER_PATHS = NO;
				CLANG_ANALYZER_NONNULL = YES;
				CLANG_ANALYZER_NUMBER_OBJECT_CONVERSION = YES_AGGRESSIVE;
				CLANG_CXX_LANGUAGE_STANDARD = "gnu++14";
				CLANG_CXX_LIBRARY = "libc++";
				CLANG_ENABLE_MODULES = YES;
				CLANG_ENABLE_OBJC_ARC = YES;
				CLANG_ENABLE_OBJC_WEAK = YES;
				CLANG_WARN_BLOCK_CAPTURE_AUTORELEASING = YES;
				CLANG_WARN_BOOL_CONVERSION = YES;
				CLANG_WARN_COMMA = YES;
				CLANG_WARN_CONSTANT_CONVERSION = YES;
				CLANG_WARN_DEPRECATED_OBJC_IMPLEMENTATIONS = YES;
				CLANG_WARN_DIRECT_OBJC_ISA_USAGE = YES_ERROR;
				CLANG_WARN_DOCUMENTATION_COMMENTS = YES;
				CLANG_WARN_EMPTY_BODY = YES;
				CLANG_WARN_ENUM_CONVERSION = YES;
				CLANG_WARN_INFINITE_RECURSION = YES;
				CLANG_WARN_INT_CONVERSION = YES;
				CLANG_WARN_NON_LITERAL_NULL_CONVERSION = YES;
				CLANG_WARN_OBJC_IMPLICIT_RETAIN_SELF = YES;
				CLANG_WARN_OBJC_LITERAL_CONVERSION = YES;
				CLANG_WARN_OBJC_ROOT_CLASS = YES_ERROR;
				CLANG_WARN_RANGE_LOOP_ANALYSIS = YES;
				CLANG_WARN_STRICT_PROTOTYPES = YES;
				CLANG_WARN_SUSPICIOUS_MOVE = YES;
				CLANG_WARN_UNGUARDED_AVAILABILITY = YES_AGGRESSIVE;
				CLANG_WARN_UNREACHABLE_CODE = YES;
				CLANG_WARN__DUPLICATE_METHOD_MATCH = YES;
				CODE_SIGN_IDENTITY = "iPhone Developer";
				COPY_PHASE_STRIP = NO;
				DEBUG_INFORMATION_FORMAT = "dwarf-with-dsym";
				ENABLE_NS_ASSERTIONS = NO;
				ENABLE_STRICT_OBJC_MSGSEND = YES;
				GCC_C_LANGUAGE_STANDARD = gnu11;
				GCC_NO_COMMON_BLOCKS = YES;
				GCC_WARN_64_TO_32_BIT_CONVERSION = YES;
				GCC_WARN_ABOUT_RETURN_TYPE = YES_ERROR;
				GCC_WARN_UNDECLARED_SELECTOR = YES;
				GCC_WARN_UNINITIALIZED_AUTOS = YES_AGGRESSIVE;
				GCC_WARN_UNUSED_FUNCTION = YES;
				GCC_WARN_UNUSED_VARIABLE = YES;
				IPHONEOS_DEPLOYMENT_TARGET = 12.1;
				MTL_ENABLE_DEBUG_INFO = NO;
				MTL_FAST_MATH = YES;
				SDKROOT = iphoneos;
				SWIFT_COMPILATION_MODE = wholemodule;
				SWIFT_OPTIMIZATION_LEVEL = "-O";
				VALIDATE_PRODUCT = YES;
			};
			name = Release;
		};
		B2FE65BB2811AA980019E742 /* Debug */ = {
			isa = XCBuildConfiguration;
			buildSettings = {
				ASSETCATALOG_COMPILER_APPICON_NAME = AppIcon;
				CODE_SIGN_STYLE = Automatic;
				INFOPLIST_FILE = "Ex01-Tab-Seasons/Info.plist";
				LD_RUNPATH_SEARCH_PATHS = (
					"$(inherited)",
					"@executable_path/Frameworks",
				);
				PRODUCT_BUNDLE_IDENTIFIER = "emich.Ex01-Tab-Seasons";
				PRODUCT_NAME = "$(TARGET_NAME)";
				SWIFT_VERSION = 4.2;
				TARGETED_DEVICE_FAMILY = "1,2";
			};
			name = Debug;
		};
		B2FE65BC2811AA980019E742 /* Release */ = {
			isa = XCBuildConfiguration;
			buildSettings = {
				ASSETCATALOG_COMPILER_APPICON_NAME = AppIcon;
				CODE_SIGN_STYLE = Automatic;
				INFOPLIST_FILE = "Ex01-Tab-Seasons/Info.plist";
				LD_RUNPATH_SEARCH_PATHS = (
					"$(inherited)",
					"@executable_path/Frameworks",
				);
				PRODUCT_BUNDLE_IDENTIFIER = "emich.Ex01-Tab-Seasons";
				PRODUCT_NAME = "$(TARGET_NAME)";
				SWIFT_VERSION = 4.2;
				TARGETED_DEVICE_FAMILY = "1,2";
			};
			name = Release;
		};
/* End XCBuildConfiguration section */

/* Begin XCConfigurationList section */
		B2FE65A32811AA970019E742 /* Build configuration list for PBXProject "Ex01-Tab-Seasons" */ = {
			isa = XCConfigurationList;
			buildConfigurations = (
				B2FE65B82811AA980019E742 /* Debug */,
				B2FE65B92811AA980019E742 /* Release */,
			);
			defaultConfigurationIsVisible = 0;
			defaultConfigurationName = Release;
		};
		B2FE65BA2811AA980019E742 /* Build configuration list for PBXNativeTarget "Ex01-Tab-Seasons" */ = {
			isa = XCConfigurationList;
			buildConfigurations = (
				B2FE65BB2811AA980019E742 /* Debug */,
				B2FE65BC2811AA980019E742 /* Release */,
			);
			defaultConfigurationIsVisible = 0;
			defaultConfigurationName = Release;
		};
/* End XCConfigurationList section */
	};
	rootObject = B2FE65A02811AA970019E742 /* Project object */;
}
